
Microsoft Visual Studio Solution File, Format Version 12.00
# Visual Studio Version 17
VisualStudioVersion = 17.1.31903.286
MinimumVisualStudioVersion = 10.0.40219.1
Project("{9A19103F-16F7-4668-BE54-9A1E7A4F7556}") = "Concrete", "Concrete\Concrete.csproj", "{3E39D2ED-0F39-43E6-8BAE-88B01B65F8D4}"
EndProject
Project("{9A19103F-16F7-4668-BE54-9A1E7A4F7556}") = "EasyIOC.CodeGen", "EasyIOC.CodeGen\EasyIOC.CodeGen.csproj", "{5DD1B8D3-ED6E-4280-955B-DCAE03348092}"
EndProject
Project("{9A19103F-16F7-4668-BE54-9A1E7A4F7556}") = "EasyIOC", "EasyIOC\EasyIOC.csproj", "{E7CB50A8-E711-45DB-A3FB-62E292CC301B}"
EndProject
Project("{9A19103F-16F7-4668-BE54-9A1E7A4F7556}") = "Concrete.MoodleEditor", "Concrete.MoodleEditor\Concrete.MoodleEditor.csproj", "{5BF9D6BB-6235-4BA2-9F1F-7F96C6CE54F4}"
EndProject
Project("{9A19103F-16F7-4668-BE54-9A1E7A4F7556}") = "Concrete.MoodleEditor.Tests", "Concrete.MoodleEditor.Tests\Concrete.MoodleEditor.Tests.csproj", "{9D1EEF37-3C1B-4220-ADED-67449201B816}"
EndProject
Project("{9A19103F-16F7-4668-BE54-9A1E7A4F7556}") = "Concrete.Mvvm", "Concrete.Mvvm\Concrete.Mvvm.csproj", "{788EACF0-A0FD-4810-AE6A-527745249C6F}"
EndProject
Project("{9A19103F-16F7-4668-BE54-9A1E7A4F7556}") = "Concrete.Storage", "Concrete.Storage\Concrete.Storage.csproj", "{14CE5D8B-1024-4CD3-9C3A-0E6EA1AD5E11}"
EndProject
Project("{2150E333-8FDC-42A3-9474-1A3956D46DE8}") = "Solution Items", "Solution Items", "{3F18B940-293B-48DC-9E23-B5D23A3FE661}"
	ProjectSection(SolutionItems) = preProject
		.editorconfig = .editorconfig
	EndProjectSection
EndProject
Project("{2150E333-8FDC-42A3-9474-1A3956D46DE8}") = "UserPreferences", "UserPreferences", "{25CF1FB9-CBB6-4629-8949-EF0AA79AE5B7}"
EndProject
Project("{FAE04EC0-301F-11D3-BF4B-00C04F79EFBC}") = "Concrete.UserPreferences", "Concrete.UserPreferences\Concrete.UserPreferences.csproj", "{177453E7-C1BF-4DA4-9A5E-FE43182CA896}"
EndProject
Project("{FAE04EC0-301F-11D3-BF4B-00C04F79EFBC}") = "Concrete.ProjectStructure", "Concrete.ProjectStructure\Concrete.ProjectStructure.csproj", "{E0B2B7A2-4ED1-42BB-A0A4-55BB8F35D9F4}"
EndProject
Global
	GlobalSection(SolutionConfigurationPlatforms) = preSolution
		Debug|Any CPU = Debug|Any CPU
		Release|Any CPU = Release|Any CPU
	EndGlobalSection
	GlobalSection(ProjectConfigurationPlatforms) = postSolution
		{3E39D2ED-0F39-43E6-8BAE-88B01B65F8D4}.Debug|Any CPU.ActiveCfg = Debug|Any CPU
		{3E39D2ED-0F39-43E6-8BAE-88B01B65F8D4}.Debug|Any CPU.Build.0 = Debug|Any CPU
		{3E39D2ED-0F39-43E6-8BAE-88B01B65F8D4}.Release|Any CPU.ActiveCfg = Release|Any CPU
		{3E39D2ED-0F39-43E6-8BAE-88B01B65F8D4}.Release|Any CPU.Build.0 = Release|Any CPU
		{5DD1B8D3-ED6E-4280-955B-DCAE03348092}.Debug|Any CPU.ActiveCfg = Debug|Any CPU
		{5DD1B8D3-ED6E-4280-955B-DCAE03348092}.Debug|Any CPU.Build.0 = Debug|Any CPU
		{5DD1B8D3-ED6E-4280-955B-DCAE03348092}.Release|Any CPU.ActiveCfg = Release|Any CPU
		{5DD1B8D3-ED6E-4280-955B-DCAE03348092}.Release|Any CPU.Build.0 = Release|Any CPU
		{E7CB50A8-E711-45DB-A3FB-62E292CC301B}.Debug|Any CPU.ActiveCfg = Debug|Any CPU
		{E7CB50A8-E711-45DB-A3FB-62E292CC301B}.Debug|Any CPU.Build.0 = Debug|Any CPU
		{E7CB50A8-E711-45DB-A3FB-62E292CC301B}.Release|Any CPU.ActiveCfg = Release|Any CPU
		{E7CB50A8-E711-45DB-A3FB-62E292CC301B}.Release|Any CPU.Build.0 = Release|Any CPU
		{5BF9D6BB-6235-4BA2-9F1F-7F96C6CE54F4}.Debug|Any CPU.ActiveCfg = Debug|Any CPU
		{5BF9D6BB-6235-4BA2-9F1F-7F96C6CE54F4}.Debug|Any CPU.Build.0 = Debug|Any CPU
		{5BF9D6BB-6235-4BA2-9F1F-7F96C6CE54F4}.Release|Any CPU.ActiveCfg = Release|Any CPU
		{5BF9D6BB-6235-4BA2-9F1F-7F96C6CE54F4}.Release|Any CPU.Build.0 = Release|Any CPU
		{9D1EEF37-3C1B-4220-ADED-67449201B816}.Debug|Any CPU.ActiveCfg = Debug|Any CPU
		{9D1EEF37-3C1B-4220-ADED-67449201B816}.Debug|Any CPU.Build.0 = Debug|Any CPU
		{9D1EEF37-3C1B-4220-ADED-67449201B816}.Release|Any CPU.ActiveCfg = Release|Any CPU
		{9D1EEF37-3C1B-4220-ADED-67449201B816}.Release|Any CPU.Build.0 = Release|Any CPU
		{788EACF0-A0FD-4810-AE6A-527745249C6F}.Debug|Any CPU.ActiveCfg = Debug|Any CPU
		{788EACF0-A0FD-4810-AE6A-527745249C6F}.Debug|Any CPU.Build.0 = Debug|Any CPU
		{788EACF0-A0FD-4810-AE6A-527745249C6F}.Release|Any CPU.ActiveCfg = Release|Any CPU
		{788EACF0-A0FD-4810-AE6A-527745249C6F}.Release|Any CPU.Build.0 = Release|Any CPU
		{14CE5D8B-1024-4CD3-9C3A-0E6EA1AD5E11}.Debug|Any CPU.ActiveCfg = Debug|Any CPU
		{14CE5D8B-1024-4CD3-9C3A-0E6EA1AD5E11}.Debug|Any CPU.Build.0 = Debug|Any CPU
		{14CE5D8B-1024-4CD3-9C3A-0E6EA1AD5E11}.Release|Any CPU.ActiveCfg = Release|Any CPU
		{14CE5D8B-1024-4CD3-9C3A-0E6EA1AD5E11}.Release|Any CPU.Build.0 = Release|Any CPU
		{177453E7-C1BF-4DA4-9A5E-FE43182CA896}.Debug|Any CPU.ActiveCfg = Debug|Any CPU
		{177453E7-C1BF-4DA4-9A5E-FE43182CA896}.Debug|Any CPU.Build.0 = Debug|Any CPU
		{177453E7-C1BF-4DA4-9A5E-FE43182CA896}.Release|Any CPU.ActiveCfg = Release|Any CPU
		{177453E7-C1BF-4DA4-9A5E-FE43182CA896}.Release|Any CPU.Build.0 = Release|Any CPU
		{E0B2B7A2-4ED1-42BB-A0A4-55BB8F35D9F4}.Debug|Any CPU.ActiveCfg = Debug|Any CPU
		{E0B2B7A2-4ED1-42BB-A0A4-55BB8F35D9F4}.Debug|Any CPU.Build.0 = Debug|Any CPU
		{E0B2B7A2-4ED1-42BB-A0A4-55BB8F35D9F4}.Release|Any CPU.ActiveCfg = Release|Any CPU
		{E0B2B7A2-4ED1-42BB-A0A4-55BB8F35D9F4}.Release|Any CPU.Build.0 = Release|Any CPU
	EndGlobalSection
	GlobalSection(SolutionProperties) = preSolution
		HideSolutionNode = FALSE
	EndGlobalSection
	GlobalSection(NestedProjects) = preSolution
		{177453E7-C1BF-4DA4-9A5E-FE43182CA896} = {25CF1FB9-CBB6-4629-8949-EF0AA79AE5B7}
	EndGlobalSection
	GlobalSection(ExtensibilityGlobals) = postSolution
		SolutionGuid = {72D13BF2-B96B-409A-9CD4-7A445C23DE4A}
	EndGlobalSection
EndGlobal
